
Microsoft Visual Studio Solution File, Format Version 12.00
# Visual Studio Version 17
VisualStudioVersion = 17.0.31903.59
MinimumVisualStudioVersion = 10.0.40219.1
Project("{FAE04EC0-301F-11D3-BF4B-00C04F79EFBC}") = "YahooFinance.Core", "YahooFinance.Core\YahooFinance.Core.csproj", "{5F9636A9-FA36-4CD7-A43B-A96EBBB26987}"
EndProject
Project("{FAE04EC0-301F-11D3-BF4B-00C04F79EFBC}") = "YahooFinance.Infrastructure", "YahooFinance.Infrastructure\YahooFinance.Infrastructure.csproj", "{564F81E2-21F3-4F82-A4D3-A0762502A976}"
EndProject
Project("{FAE04EC0-301F-11D3-BF4B-00C04F79EFBC}") = "YahooFinance.App", "YahooFinance.App\YahooFinance.App.csproj", "{46E8DEC4-DF5F-4C45-A9F7-756BC55800B5}"
EndProject
Project("{FAE04EC0-301F-11D3-BF4B-00C04F79EFBC}") = "YahooFinance.Tests", "YahooFinance.Tests\YahooFinance.Tests.csproj", "{AB41104B-6789-47F8-A7CD-8659AB80EC5C}"
EndProject
Global
	GlobalSection(SolutionConfigurationPlatforms) = preSolution
		Debug|Any CPU = Debug|Any CPU
		Debug|x64 = Debug|x64
		Debug|x86 = Debug|x86
		Release|Any CPU = Release|Any CPU
		Release|x64 = Release|x64
		Release|x86 = Release|x86
	EndGlobalSection
	GlobalSection(ProjectConfigurationPlatforms) = postSolution
		{5F9636A9-FA36-4CD7-A43B-A96EBBB26987}.Debug|Any CPU.ActiveCfg = Debug|Any CPU
		{5F9636A9-FA36-4CD7-A43B-A96EBBB26987}.Debug|Any CPU.Build.0 = Debug|Any CPU
		{5F9636A9-FA36-4CD7-A43B-A96EBBB26987}.Debug|x64.ActiveCfg = Debug|Any CPU
		{5F9636A9-FA36-4CD7-A43B-A96EBBB26987}.Debug|x64.Build.0 = Debug|Any CPU
		{5F9636A9-FA36-4CD7-A43B-A96EBBB26987}.Debug|x86.ActiveCfg = Debug|Any CPU
		{5F9636A9-FA36-4CD7-A43B-A96EBBB26987}.Debug|x86.Build.0 = Debug|Any CPU
		{5F9636A9-FA36-4CD7-A43B-A96EBBB26987}.Release|Any CPU.ActiveCfg = Release|Any CPU
		{5F9636A9-FA36-4CD7-A43B-A96EBBB26987}.Release|Any CPU.Build.0 = Release|Any CPU
		{5F9636A9-FA36-4CD7-A43B-A96EBBB26987}.Release|x64.ActiveCfg = Release|Any CPU
		{5F9636A9-FA36-4CD7-A43B-A96EBBB26987}.Release|x64.Build.0 = Release|Any CPU
		{5F9636A9-FA36-4CD7-A43B-A96EBBB26987}.Release|x86.ActiveCfg = Release|Any CPU
		{5F9636A9-FA36-4CD7-A43B-A96EBBB26987}.Release|x86.Build.0 = Release|Any CPU
		{564F81E2-21F3-4F82-A4D3-A0762502A976}.Debug|Any CPU.ActiveCfg = Debug|Any CPU
		{564F81E2-21F3-4F82-A4D3-A0762502A976}.Debug|Any CPU.Build.0 = Debug|Any CPU
		{564F81E2-21F3-4F82-A4D3-A0762502A976}.Debug|x64.ActiveCfg = Debug|Any CPU
		{564F81E2-21F3-4F82-A4D3-A0762502A976}.Debug|x64.Build.0 = Debug|Any CPU
		{564F81E2-21F3-4F82-A4D3-A0762502A976}.Debug|x86.ActiveCfg = Debug|Any CPU
		{564F81E2-21F3-4F82-A4D3-A0762502A976}.Debug|x86.Build.0 = Debug|Any CPU
		{564F81E2-21F3-4F82-A4D3-A0762502A976}.Release|Any CPU.ActiveCfg = Release|Any CPU
		{564F81E2-21F3-4F82-A4D3-A0762502A976}.Release|Any CPU.Build.0 = Release|Any CPU
		{564F81E2-21F3-4F82-A4D3-A0762502A976}.Release|x64.ActiveCfg = Release|Any CPU
		{564F81E2-21F3-4F82-A4D3-A0762502A976}.Release|x64.Build.0 = Release|Any CPU
		{564F81E2-21F3-4F82-A4D3-A0762502A976}.Release|x86.ActiveCfg = Release|Any CPU
		{564F81E2-21F3-4F82-A4D3-A0762502A976}.Release|x86.Build.0 = Release|Any CPU
		{46E8DEC4-DF5F-4C45-A9F7-756BC55800B5}.Debug|Any CPU.ActiveCfg = Debug|Any CPU
		{46E8DEC4-DF5F-4C45-A9F7-756BC55800B5}.Debug|Any CPU.Build.0 = Debug|Any CPU
		{46E8DEC4-DF5F-4C45-A9F7-756BC55800B5}.Debug|x64.ActiveCfg = Debug|Any CPU
		{46E8DEC4-DF5F-4C45-A9F7-756BC55800B5}.Debug|x64.Build.0 = Debug|Any CPU
		{46E8DEC4-DF5F-4C45-A9F7-756BC55800B5}.Debug|x86.ActiveCfg = Debug|Any CPU
		{46E8DEC4-DF5F-4C45-A9F7-756BC55800B5}.Debug|x86.Build.0 = Debug|Any CPU
		{46E8DEC4-DF5F-4C45-A9F7-756BC55800B5}.Release|Any CPU.ActiveCfg = Release|Any CPU
		{46E8DEC4-DF5F-4C45-A9F7-756BC55800B5}.Release|Any CPU.Build.0 = Release|Any CPU
		{46E8DEC4-DF5F-4C45-A9F7-756BC55800B5}.Release|x64.ActiveCfg = Release|Any CPU
		{46E8DEC4-DF5F-4C45-A9F7-756BC55800B5}.Release|x64.Build.0 = Release|Any CPU
		{46E8DEC4-DF5F-4C45-A9F7-756BC55800B5}.Release|x86.ActiveCfg = Release|Any CPU
		{46E8DEC4-DF5F-4C45-A9F7-756BC55800B5}.Release|x86.Build.0 = Release|Any CPU
		{AB41104B-6789-47F8-A7CD-8659AB80EC5C}.Debug|Any CPU.ActiveCfg = Debug|Any CPU
		{AB41104B-6789-47F8-A7CD-8659AB80EC5C}.Debug|Any CPU.Build.0 = Debug|Any CPU
		{AB41104B-6789-47F8-A7CD-8659AB80EC5C}.Debug|x64.ActiveCfg = Debug|Any CPU
		{AB41104B-6789-47F8-A7CD-8659AB80EC5C}.Debug|x64.Build.0 = Debug|Any CPU
		{AB41104B-6789-47F8-A7CD-8659AB80EC5C}.Debug|x86.ActiveCfg = Debug|Any CPU
		{AB41104B-6789-47F8-A7CD-8659AB80EC5C}.Debug|x86.Build.0 = Debug|Any CPU
		{AB41104B-6789-47F8-A7CD-8659AB80EC5C}.Release|Any CPU.ActiveCfg = Release|Any CPU
		{AB41104B-6789-47F8-A7CD-8659AB80EC5C}.Release|Any CPU.Build.0 = Release|Any CPU
		{AB41104B-6789-47F8-A7CD-8659AB80EC5C}.Release|x64.ActiveCfg = Release|Any CPU
		{AB41104B-6789-47F8-A7CD-8659AB80EC5C}.Release|x64.Build.0 = Release|Any CPU
		{AB41104B-6789-47F8-A7CD-8659AB80EC5C}.Release|x86.ActiveCfg = Release|Any CPU
		{AB41104B-6789-47F8-A7CD-8659AB80EC5C}.Release|x86.Build.0 = Release|Any CPU
	EndGlobalSection
	GlobalSection(SolutionProperties) = preSolution
		HideSolutionNode = FALSE
	EndGlobalSection
EndGlobal
